
Microsoft Visual Studio Solution File, Format Version 12.00
# Visual Studio 2017
Project("{FAE04EC0-301F-11D3-BF4B-00C04F79EFBC}") = "Microtone VR", "Microtone VR.csproj", "{9511BF9D-36C7-5879-FFE1-F39F95C1BB34}"
EndProject
Project("{FAE04EC0-301F-11D3-BF4B-00C04F79EFBC}") = "Microtone VR.Editor", "Microtone VR.Editor.csproj", "{59C51858-E9CB-B46B-497F-096C39F86DE8}"
EndProject
Global
	GlobalSection(SolutionConfigurationPlatforms) = preSolution
		Debug|Any CPU = Debug|Any CPU
		Release|Any CPU = Release|Any CPU
	EndGlobalSection
	GlobalSection(ProjectConfigurationPlatforms) = postSolution
		{9511BF9D-36C7-5879-FFE1-F39F95C1BB34}.Debug|Any CPU.ActiveCfg = Debug|Any CPU
		{9511BF9D-36C7-5879-FFE1-F39F95C1BB34}.Debug|Any CPU.Build.0 = Debug|Any CPU
		{9511BF9D-36C7-5879-FFE1-F39F95C1BB34}.Release|Any CPU.ActiveCfg = Release|Any CPU
		{9511BF9D-36C7-5879-FFE1-F39F95C1BB34}.Release|Any CPU.Build.0 = Release|Any CPU
		{59C51858-E9CB-B46B-497F-096C39F86DE8}.Debug|Any CPU.ActiveCfg = Debug|Any CPU
		{59C51858-E9CB-B46B-497F-096C39F86DE8}.Debug|Any CPU.Build.0 = Debug|Any CPU
		{59C51858-E9CB-B46B-497F-096C39F86DE8}.Release|Any CPU.ActiveCfg = Release|Any CPU
		{59C51858-E9CB-B46B-497F-096C39F86DE8}.Release|Any CPU.Build.0 = Release|Any CPU
	EndGlobalSection
	GlobalSection(SolutionProperties) = preSolution
		HideSolutionNode = FALSE
	EndGlobalSection
EndGlobal
